// !$*UTF8*$!
{
	archiveVersion = 1;
	classes = {
	};
	objectVersion = 48;
	objects = {

/* Begin PBXBuildFile section */
		7F2B7F311F9556E20099836E /* AppDelegate.swift in Sources */ = {isa = PBXBuildFile; fileRef = 7F2B7F301F9556E20099836E /* AppDelegate.swift */; };
		7F2B7F381F9556E20099836E /* Assets.xcassets in Resources */ = {isa = PBXBuildFile; fileRef = 7F2B7F371F9556E20099836E /* Assets.xcassets */; };
		7F2B7F461F9556E30099836E /* TagTests.swift in Sources */ = {isa = PBXBuildFile; fileRef = 7F2B7F451F9556E30099836E /* TagTests.swift */; };
		7F2B7F511F9556E30099836E /* TagUITests.swift in Sources */ = {isa = PBXBuildFile; fileRef = 7F2B7F501F9556E30099836E /* TagUITests.swift */; };
		7F2B7F641F9804F10099836E /* SearchInputView.swift in Sources */ = {isa = PBXBuildFile; fileRef = 7F2B7F631F9804F10099836E /* SearchInputView.swift */; };
		7F44818F1FA292FE00F98B4B /* MainViewController.swift in Sources */ = {isa = PBXBuildFile; fileRef = 7F44818E1FA292FE00F98B4B /* MainViewController.swift */; };
		7F6AFB7F1FAACE8C002C402D /* UIColor+Tag.swift in Sources */ = {isa = PBXBuildFile; fileRef = 7F6AFB7E1FAACE8C002C402D /* UIColor+Tag.swift */; };
		7F6AFB811FAACF09002C402D /* Style.swift in Sources */ = {isa = PBXBuildFile; fileRef = 7F6AFB801FAACF09002C402D /* Style.swift */; };
		7FCC8E461FA90208003F714B /* NexaThin.otf in Resources */ = {isa = PBXBuildFile; fileRef = 7FCC8E451FA90208003F714B /* NexaThin.otf */; };
		7FCC8E4F1FA908B4003F714B /* SearchInputViewController.swift in Sources */ = {isa = PBXBuildFile; fileRef = 7FCC8E4E1FA908B4003F714B /* SearchInputViewController.swift */; };
		7FCC8E511FA90993003F714B /* SnapKit.framework in Frameworks */ = {isa = PBXBuildFile; fileRef = 7FCC8E501FA90993003F714B /* SnapKit.framework */; };
		7FCC8E531FA90BF9003F714B /* Nexa-Book.otf in Resources */ = {isa = PBXBuildFile; fileRef = 7FCC8E521FA90BF3003F714B /* Nexa-Book.otf */; };
		7FCC8E551FA90C37003F714B /* AvenirLTStd-Medium.otf in Resources */ = {isa = PBXBuildFile; fileRef = 7FCC8E541FA90C36003F714B /* AvenirLTStd-Medium.otf */; };
		7FCC8E571FA914BD003F714B /* BorderlessTextField.swift in Sources */ = {isa = PBXBuildFile; fileRef = 7FCC8E561FA914BD003F714B /* BorderlessTextField.swift */; };
/* End PBXBuildFile section */

/* Begin PBXContainerItemProxy section */
		7F2B7F421F9556E30099836E /* PBXContainerItemProxy */ = {
			isa = PBXContainerItemProxy;
			containerPortal = 7F2B7F251F9556E20099836E /* Project object */;
			proxyType = 1;
			remoteGlobalIDString = 7F2B7F2C1F9556E20099836E;
			remoteInfo = Tag;
		};
		7F2B7F4D1F9556E30099836E /* PBXContainerItemProxy */ = {
			isa = PBXContainerItemProxy;
			containerPortal = 7F2B7F251F9556E20099836E /* Project object */;
			proxyType = 1;
			remoteGlobalIDString = 7F2B7F2C1F9556E20099836E;
			remoteInfo = Tag;
		};
/* End PBXContainerItemProxy section */

/* Begin PBXFileReference section */
		7F2B7F2D1F9556E20099836E /* Tag.app */ = {isa = PBXFileReference; explicitFileType = wrapper.application; includeInIndex = 0; path = Tag.app; sourceTree = BUILT_PRODUCTS_DIR; };
		7F2B7F301F9556E20099836E /* AppDelegate.swift */ = {isa = PBXFileReference; lastKnownFileType = sourcecode.swift; path = AppDelegate.swift; sourceTree = "<group>"; };
		7F2B7F371F9556E20099836E /* Assets.xcassets */ = {isa = PBXFileReference; lastKnownFileType = folder.assetcatalog; path = Assets.xcassets; sourceTree = "<group>"; };
		7F2B7F3C1F9556E20099836E /* Info.plist */ = {isa = PBXFileReference; lastKnownFileType = text.plist.xml; path = Info.plist; sourceTree = "<group>"; };
		7F2B7F411F9556E30099836E /* TagTests.xctest */ = {isa = PBXFileReference; explicitFileType = wrapper.cfbundle; includeInIndex = 0; path = TagTests.xctest; sourceTree = BUILT_PRODUCTS_DIR; };
		7F2B7F451F9556E30099836E /* TagTests.swift */ = {isa = PBXFileReference; lastKnownFileType = sourcecode.swift; path = TagTests.swift; sourceTree = "<group>"; };
		7F2B7F471F9556E30099836E /* Info.plist */ = {isa = PBXFileReference; lastKnownFileType = text.plist.xml; path = Info.plist; sourceTree = "<group>"; };
		7F2B7F4C1F9556E30099836E /* TagUITests.xctest */ = {isa = PBXFileReference; explicitFileType = wrapper.cfbundle; includeInIndex = 0; path = TagUITests.xctest; sourceTree = BUILT_PRODUCTS_DIR; };
		7F2B7F501F9556E30099836E /* TagUITests.swift */ = {isa = PBXFileReference; lastKnownFileType = sourcecode.swift; path = TagUITests.swift; sourceTree = "<group>"; };
		7F2B7F521F9556E30099836E /* Info.plist */ = {isa = PBXFileReference; lastKnownFileType = text.plist.xml; path = Info.plist; sourceTree = "<group>"; };
		7F2B7F631F9804F10099836E /* SearchInputView.swift */ = {isa = PBXFileReference; lastKnownFileType = sourcecode.swift; path = SearchInputView.swift; sourceTree = "<group>"; };
		7F44818E1FA292FE00F98B4B /* MainViewController.swift */ = {isa = PBXFileReference; lastKnownFileType = sourcecode.swift; path = MainViewController.swift; sourceTree = "<group>"; };
		7F6AFB7E1FAACE8C002C402D /* UIColor+Tag.swift */ = {isa = PBXFileReference; lastKnownFileType = sourcecode.swift; path = "UIColor+Tag.swift"; sourceTree = "<group>"; };
		7F6AFB801FAACF09002C402D /* Style.swift */ = {isa = PBXFileReference; lastKnownFileType = sourcecode.swift; path = Style.swift; sourceTree = "<group>"; };
		7FCC8E451FA90208003F714B /* NexaThin.otf */ = {isa = PBXFileReference; lastKnownFileType = file; path = NexaThin.otf; sourceTree = "<group>"; };
		7FCC8E4E1FA908B4003F714B /* SearchInputViewController.swift */ = {isa = PBXFileReference; lastKnownFileType = sourcecode.swift; path = SearchInputViewController.swift; sourceTree = "<group>"; };
		7FCC8E501FA90993003F714B /* SnapKit.framework */ = {isa = PBXFileReference; lastKnownFileType = wrapper.framework; name = SnapKit.framework; path = Carthage/Build/iOS/SnapKit.framework; sourceTree = "<group>"; };
		7FCC8E521FA90BF3003F714B /* Nexa-Book.otf */ = {isa = PBXFileReference; lastKnownFileType = file; path = "Nexa-Book.otf"; sourceTree = "<group>"; };
		7FCC8E541FA90C36003F714B /* AvenirLTStd-Medium.otf */ = {isa = PBXFileReference; lastKnownFileType = file; path = "AvenirLTStd-Medium.otf"; sourceTree = "<group>"; };
		7FCC8E561FA914BD003F714B /* BorderlessTextField.swift */ = {isa = PBXFileReference; lastKnownFileType = sourcecode.swift; path = BorderlessTextField.swift; sourceTree = "<group>"; };
/* End PBXFileReference section */

/* Begin PBXFrameworksBuildPhase section */
		7F2B7F2A1F9556E20099836E /* Frameworks */ = {
			isa = PBXFrameworksBuildPhase;
			buildActionMask = 2147483647;
			files = (
				7FCC8E511FA90993003F714B /* SnapKit.framework in Frameworks */,
			);
			runOnlyForDeploymentPostprocessing = 0;
		};
		7F2B7F3E1F9556E30099836E /* Frameworks */ = {
			isa = PBXFrameworksBuildPhase;
			buildActionMask = 2147483647;
			files = (
			);
			runOnlyForDeploymentPostprocessing = 0;
		};
		7F2B7F491F9556E30099836E /* Frameworks */ = {
			isa = PBXFrameworksBuildPhase;
			buildActionMask = 2147483647;
			files = (
			);
			runOnlyForDeploymentPostprocessing = 0;
		};
/* End PBXFrameworksBuildPhase section */

/* Begin PBXGroup section */
		7F2B7F241F9556E20099836E = {
			isa = PBXGroup;
			children = (
				7F2B7F2F1F9556E20099836E /* Tag */,
				7FCC8E441FA901D6003F714B /* Resources */,
				7F2B7F441F9556E30099836E /* TagTests */,
				7F2B7F4F1F9556E30099836E /* TagUITests */,
				7F2B7F2E1F9556E20099836E /* Products */,
				7FCC8E471FA9041E003F714B /* Frameworks */,
			);
			sourceTree = "<group>";
		};
		7F2B7F2E1F9556E20099836E /* Products */ = {
			isa = PBXGroup;
			children = (
				7F2B7F2D1F9556E20099836E /* Tag.app */,
				7F2B7F411F9556E30099836E /* TagTests.xctest */,
				7F2B7F4C1F9556E30099836E /* TagUITests.xctest */,
			);
			name = Products;
			sourceTree = "<group>";
		};
		7F2B7F2F1F9556E20099836E /* Tag */ = {
			isa = PBXGroup;
			children = (
				7F6AFB7D1FAACE6C002C402D /* Utility */,
				7F2B7F5E1F95647F0099836E /* Models */,
				7F2B7F621F9804AC0099836E /* ViewControllers */,
				7F2B7F5F1F9564890099836E /* Views */,
				7F2B7F301F9556E20099836E /* AppDelegate.swift */,
				7F2B7F371F9556E20099836E /* Assets.xcassets */,
				7F2B7F3C1F9556E20099836E /* Info.plist */,
				7F6AFB801FAACF09002C402D /* Style.swift */,
			);
			path = Tag;
			sourceTree = "<group>";
		};
		7F2B7F441F9556E30099836E /* TagTests */ = {
			isa = PBXGroup;
			children = (
				7F2B7F451F9556E30099836E /* TagTests.swift */,
				7F2B7F471F9556E30099836E /* Info.plist */,
			);
			path = TagTests;
			sourceTree = "<group>";
		};
		7F2B7F4F1F9556E30099836E /* TagUITests */ = {
			isa = PBXGroup;
			children = (
				7F2B7F501F9556E30099836E /* TagUITests.swift */,
				7F2B7F521F9556E30099836E /* Info.plist */,
			);
			path = TagUITests;
			sourceTree = "<group>";
		};
		7F2B7F5E1F95647F0099836E /* Models */ = {
			isa = PBXGroup;
			children = (
			);
			path = Models;
			sourceTree = "<group>";
		};
		7F2B7F5F1F9564890099836E /* Views */ = {
			isa = PBXGroup;
			children = (
				7F2B7F631F9804F10099836E /* SearchInputView.swift */,
				7FCC8E561FA914BD003F714B /* BorderlessTextField.swift */,
			);
			path = Views;
			sourceTree = "<group>";
		};
		7F2B7F621F9804AC0099836E /* ViewControllers */ = {
			isa = PBXGroup;
			children = (
				7F44818E1FA292FE00F98B4B /* MainViewController.swift */,
				7FCC8E4E1FA908B4003F714B /* SearchInputViewController.swift */,
			);
			path = ViewControllers;
			sourceTree = "<group>";
		};
		7F6AFB7D1FAACE6C002C402D /* Utility */ = {
			isa = PBXGroup;
			children = (
				7F6AFB7E1FAACE8C002C402D /* UIColor+Tag.swift */,
			);
			path = Utility;
			sourceTree = "<group>";
		};
		7FCC8E441FA901D6003F714B /* Resources */ = {
			isa = PBXGroup;
			children = (
				7FCC8E541FA90C36003F714B /* AvenirLTStd-Medium.otf */,
				7FCC8E521FA90BF3003F714B /* Nexa-Book.otf */,
				7FCC8E451FA90208003F714B /* NexaThin.otf */,
			);
			path = Resources;
			sourceTree = "<group>";
		};
		7FCC8E471FA9041E003F714B /* Frameworks */ = {
			isa = PBXGroup;
			children = (
				7FCC8E501FA90993003F714B /* SnapKit.framework */,
			);
			name = Frameworks;
			sourceTree = "<group>";
		};
/* End PBXGroup section */

/* Begin PBXNativeTarget section */
		7F2B7F2C1F9556E20099836E /* Tag */ = {
			isa = PBXNativeTarget;
			buildConfigurationList = 7F2B7F551F9556E30099836E /* Build configuration list for PBXNativeTarget "Tag" */;
			buildPhases = (
				7F2B7F291F9556E20099836E /* Sources */,
				7F2B7F2A1F9556E20099836E /* Frameworks */,
				7F2B7F2B1F9556E20099836E /* Resources */,
				7FCC8E4A1FA904D2003F714B /* ShellScript */,
				7FCC8E4D1FA905BC003F714B /* ShellScript */,
			);
			buildRules = (
			);
			dependencies = (
			);
			name = Tag;
			productName = Tag;
			productReference = 7F2B7F2D1F9556E20099836E /* Tag.app */;
			productType = "com.apple.product-type.application";
		};
		7F2B7F401F9556E30099836E /* TagTests */ = {
			isa = PBXNativeTarget;
			buildConfigurationList = 7F2B7F581F9556E30099836E /* Build configuration list for PBXNativeTarget "TagTests" */;
			buildPhases = (
				7F2B7F3D1F9556E30099836E /* Sources */,
				7F2B7F3E1F9556E30099836E /* Frameworks */,
				7F2B7F3F1F9556E30099836E /* Resources */,
			);
			buildRules = (
			);
			dependencies = (
				7F2B7F431F9556E30099836E /* PBXTargetDependency */,
			);
			name = TagTests;
			productName = TagTests;
			productReference = 7F2B7F411F9556E30099836E /* TagTests.xctest */;
			productType = "com.apple.product-type.bundle.unit-test";
		};
		7F2B7F4B1F9556E30099836E /* TagUITests */ = {
			isa = PBXNativeTarget;
			buildConfigurationList = 7F2B7F5B1F9556E30099836E /* Build configuration list for PBXNativeTarget "TagUITests" */;
			buildPhases = (
				7F2B7F481F9556E30099836E /* Sources */,
				7F2B7F491F9556E30099836E /* Frameworks */,
				7F2B7F4A1F9556E30099836E /* Resources */,
			);
			buildRules = (
			);
			dependencies = (
				7F2B7F4E1F9556E30099836E /* PBXTargetDependency */,
			);
			name = TagUITests;
			productName = TagUITests;
			productReference = 7F2B7F4C1F9556E30099836E /* TagUITests.xctest */;
			productType = "com.apple.product-type.bundle.ui-testing";
		};
/* End PBXNativeTarget section */

/* Begin PBXProject section */
		7F2B7F251F9556E20099836E /* Project object */ = {
			isa = PBXProject;
			attributes = {
				LastSwiftUpdateCheck = 0900;
				LastUpgradeCheck = 0900;
				ORGANIZATIONNAME = PlayWithJam;
				TargetAttributes = {
					7F2B7F2C1F9556E20099836E = {
						CreatedOnToolsVersion = 9.0.1;
						ProvisioningStyle = Automatic;
					};
					7F2B7F401F9556E30099836E = {
						CreatedOnToolsVersion = 9.0.1;
						ProvisioningStyle = Automatic;
						TestTargetID = 7F2B7F2C1F9556E20099836E;
					};
					7F2B7F4B1F9556E30099836E = {
						CreatedOnToolsVersion = 9.0.1;
						ProvisioningStyle = Automatic;
						TestTargetID = 7F2B7F2C1F9556E20099836E;
					};
				};
			};
			buildConfigurationList = 7F2B7F281F9556E20099836E /* Build configuration list for PBXProject "Tag" */;
			compatibilityVersion = "Xcode 8.0";
			developmentRegion = en;
			hasScannedForEncodings = 0;
			knownRegions = (
				en,
				Base,
			);
			mainGroup = 7F2B7F241F9556E20099836E;
			productRefGroup = 7F2B7F2E1F9556E20099836E /* Products */;
			projectDirPath = "";
			projectRoot = "";
			targets = (
				7F2B7F2C1F9556E20099836E /* Tag */,
				7F2B7F401F9556E30099836E /* TagTests */,
				7F2B7F4B1F9556E30099836E /* TagUITests */,
			);
		};
/* End PBXProject section */

/* Begin PBXResourcesBuildPhase section */
		7F2B7F2B1F9556E20099836E /* Resources */ = {
			isa = PBXResourcesBuildPhase;
			buildActionMask = 2147483647;
			files = (
				7FCC8E461FA90208003F714B /* NexaThin.otf in Resources */,
				7F2B7F381F9556E20099836E /* Assets.xcassets in Resources */,
				7FCC8E531FA90BF9003F714B /* Nexa-Book.otf in Resources */,
				7FCC8E551FA90C37003F714B /* AvenirLTStd-Medium.otf in Resources */,
			);
			runOnlyForDeploymentPostprocessing = 0;
		};
		7F2B7F3F1F9556E30099836E /* Resources */ = {
			isa = PBXResourcesBuildPhase;
			buildActionMask = 2147483647;
			files = (
			);
			runOnlyForDeploymentPostprocessing = 0;
		};
		7F2B7F4A1F9556E30099836E /* Resources */ = {
			isa = PBXResourcesBuildPhase;
			buildActionMask = 2147483647;
			files = (
			);
			runOnlyForDeploymentPostprocessing = 0;
		};
/* End PBXResourcesBuildPhase section */

/* Begin PBXShellScriptBuildPhase section */
		7FCC8E4A1FA904D2003F714B /* ShellScript */ = {
			isa = PBXShellScriptBuildPhase;
			buildActionMask = 2147483647;
			files = (
			);
			inputPaths = (
				"$(SRCROOT)/Carthage/Build/iOS/SnapKit.framework",
			);
			outputPaths = (
				"$(BUILT_PRODUCTS_DIR)/$(FRAMEWORKS_FOLDER_PATH)/SnapKit.framework",
			);
			runOnlyForDeploymentPostprocessing = 0;
			shellPath = /bin/sh;
			shellScript = "/usr/local/bin/carthage copy-frameworks";
		};
		7FCC8E4D1FA905BC003F714B /* ShellScript */ = {
			isa = PBXShellScriptBuildPhase;
			buildActionMask = 2147483647;
			files = (
			);
			inputPaths = (
			);
			outputPaths = (
			);
			runOnlyForDeploymentPostprocessing = 0;
			shellPath = /bin/sh;
			shellScript = "/usr/local/bin/carthage outdated --xcode-warnings";
		};
/* End PBXShellScriptBuildPhase section */

/* Begin PBXSourcesBuildPhase section */
		7F2B7F291F9556E20099836E /* Sources */ = {
			isa = PBXSourcesBuildPhase;
			buildActionMask = 2147483647;
			files = (
				7FCC8E571FA914BD003F714B /* BorderlessTextField.swift in Sources */,
				7F44818F1FA292FE00F98B4B /* MainViewController.swift in Sources */,
				7F2B7F641F9804F10099836E /* SearchInputView.swift in Sources */,
				7FCC8E4F1FA908B4003F714B /* SearchInputViewController.swift in Sources */,
				7F6AFB7F1FAACE8C002C402D /* UIColor+Tag.swift in Sources */,
				7F6AFB811FAACF09002C402D /* Style.swift in Sources */,
				7F2B7F311F9556E20099836E /* AppDelegate.swift in Sources */,
			);
			runOnlyForDeploymentPostprocessing = 0;
		};
		7F2B7F3D1F9556E30099836E /* Sources */ = {
			isa = PBXSourcesBuildPhase;
			buildActionMask = 2147483647;
			files = (
				7F2B7F461F9556E30099836E /* TagTests.swift in Sources */,
			);
			runOnlyForDeploymentPostprocessing = 0;
		};
		7F2B7F481F9556E30099836E /* Sources */ = {
			isa = PBXSourcesBuildPhase;
			buildActionMask = 2147483647;
			files = (
				7F2B7F511F9556E30099836E /* TagUITests.swift in Sources */,
			);
			runOnlyForDeploymentPostprocessing = 0;
		};
/* End PBXSourcesBuildPhase section */

/* Begin PBXTargetDependency section */
		7F2B7F431F9556E30099836E /* PBXTargetDependency */ = {
			isa = PBXTargetDependency;
			target = 7F2B7F2C1F9556E20099836E /* Tag */;
			targetProxy = 7F2B7F421F9556E30099836E /* PBXContainerItemProxy */;
		};
		7F2B7F4E1F9556E30099836E /* PBXTargetDependency */ = {
			isa = PBXTargetDependency;
			target = 7F2B7F2C1F9556E20099836E /* Tag */;
			targetProxy = 7F2B7F4D1F9556E30099836E /* PBXContainerItemProxy */;
		};
/* End PBXTargetDependency section */

/* Begin XCBuildConfiguration section */
		7F2B7F531F9556E30099836E /* Debug */ = {
			isa = XCBuildConfiguration;
			buildSettings = {
				ALWAYS_SEARCH_USER_PATHS = NO;
				CLANG_ANALYZER_NONNULL = YES;
				CLANG_ANALYZER_NUMBER_OBJECT_CONVERSION = YES_AGGRESSIVE;
				CLANG_CXX_LANGUAGE_STANDARD = "gnu++14";
				CLANG_CXX_LIBRARY = "libc++";
				CLANG_ENABLE_MODULES = YES;
				CLANG_ENABLE_OBJC_ARC = YES;
				CLANG_WARN_BLOCK_CAPTURE_AUTORELEASING = YES;
				CLANG_WARN_BOOL_CONVERSION = YES;
				CLANG_WARN_COMMA = YES;
				CLANG_WARN_CONSTANT_CONVERSION = YES;
				CLANG_WARN_DIRECT_OBJC_ISA_USAGE = YES_ERROR;
				CLANG_WARN_DOCUMENTATION_COMMENTS = YES;
				CLANG_WARN_EMPTY_BODY = YES;
				CLANG_WARN_ENUM_CONVERSION = YES;
				CLANG_WARN_INFINITE_RECURSION = YES;
				CLANG_WARN_INT_CONVERSION = YES;
				CLANG_WARN_NON_LITERAL_NULL_CONVERSION = YES;
				CLANG_WARN_OBJC_LITERAL_CONVERSION = YES;
				CLANG_WARN_OBJC_ROOT_CLASS = YES_ERROR;
				CLANG_WARN_RANGE_LOOP_ANALYSIS = YES;
				CLANG_WARN_STRICT_PROTOTYPES = YES;
				CLANG_WARN_SUSPICIOUS_MOVE = YES;
				CLANG_WARN_UNGUARDED_AVAILABILITY = YES_AGGRESSIVE;
				CLANG_WARN_UNREACHABLE_CODE = YES;
				CLANG_WARN__DUPLICATE_METHOD_MATCH = YES;
				CODE_SIGN_IDENTITY = "iPhone Developer";
				COPY_PHASE_STRIP = NO;
				DEBUG_INFORMATION_FORMAT = dwarf;
				ENABLE_STRICT_OBJC_MSGSEND = YES;
				ENABLE_TESTABILITY = YES;
				GCC_C_LANGUAGE_STANDARD = gnu11;
				GCC_DYNAMIC_NO_PIC = NO;
				GCC_NO_COMMON_BLOCKS = YES;
				GCC_OPTIMIZATION_LEVEL = 0;
				GCC_PREPROCESSOR_DEFINITIONS = (
					"DEBUG=1",
					"$(inherited)",
				);
				GCC_WARN_64_TO_32_BIT_CONVERSION = YES;
				GCC_WARN_ABOUT_RETURN_TYPE = YES_ERROR;
				GCC_WARN_UNDECLARED_SELECTOR = YES;
				GCC_WARN_UNINITIALIZED_AUTOS = YES_AGGRESSIVE;
				GCC_WARN_UNUSED_FUNCTION = YES;
				GCC_WARN_UNUSED_VARIABLE = YES;
				IPHONEOS_DEPLOYMENT_TARGET = 11.0;
				MTL_ENABLE_DEBUG_INFO = YES;
				ONLY_ACTIVE_ARCH = YES;
				SDKROOT = iphoneos;
				SWIFT_ACTIVE_COMPILATION_CONDITIONS = DEBUG;
				SWIFT_OPTIMIZATION_LEVEL = "-Onone";
			};
			name = Debug;
		};
		7F2B7F541F9556E30099836E /* Release */ = {
			isa = XCBuildConfiguration;
			buildSettings = {
				ALWAYS_SEARCH_USER_PATHS = NO;
				CLANG_ANALYZER_NONNULL = YES;
				CLANG_ANALYZER_NUMBER_OBJECT_CONVERSION = YES_AGGRESSIVE;
				CLANG_CXX_LANGUAGE_STANDARD = "gnu++14";
				CLANG_CXX_LIBRARY = "libc++";
				CLANG_ENABLE_MODULES = YES;
				CLANG_ENABLE_OBJC_ARC = YES;
				CLANG_WARN_BLOCK_CAPTURE_AUTORELEASING = YES;
				CLANG_WARN_BOOL_CONVERSION = YES;
				CLANG_WARN_COMMA = YES;
				CLANG_WARN_CONSTANT_CONVERSION = YES;
				CLANG_WARN_DIRECT_OBJC_ISA_USAGE = YES_ERROR;
				CLANG_WARN_DOCUMENTATION_COMMENTS = YES;
				CLANG_WARN_EMPTY_BODY = YES;
				CLANG_WARN_ENUM_CONVERSION = YES;
				CLANG_WARN_INFINITE_RECURSION = YES;
				CLANG_WARN_INT_CONVERSION = YES;
				CLANG_WARN_NON_LITERAL_NULL_CONVERSION = YES;
				CLANG_WARN_OBJC_LITERAL_CONVERSION = YES;
				CLANG_WARN_OBJC_ROOT_CLASS = YES_ERROR;
				CLANG_WARN_RANGE_LOOP_ANALYSIS = YES;
				CLANG_WARN_STRICT_PROTOTYPES = YES;
				CLANG_WARN_SUSPICIOUS_MOVE = YES;
				CLANG_WARN_UNGUARDED_AVAILABILITY = YES_AGGRESSIVE;
				CLANG_WARN_UNREACHABLE_CODE = YES;
				CLANG_WARN__DUPLICATE_METHOD_MATCH = YES;
				CODE_SIGN_IDENTITY = "iPhone Developer";
				COPY_PHASE_STRIP = NO;
				DEBUG_INFORMATION_FORMAT = "dwarf-with-dsym";
				ENABLE_NS_ASSERTIONS = NO;
				ENABLE_STRICT_OBJC_MSGSEND = YES;
				GCC_C_LANGUAGE_STANDARD = gnu11;
				GCC_NO_COMMON_BLOCKS = YES;
				GCC_WARN_64_TO_32_BIT_CONVERSION = YES;
				GCC_WARN_ABOUT_RETURN_TYPE = YES_ERROR;
				GCC_WARN_UNDECLARED_SELECTOR = YES;
				GCC_WARN_UNINITIALIZED_AUTOS = YES_AGGRESSIVE;
				GCC_WARN_UNUSED_FUNCTION = YES;
				GCC_WARN_UNUSED_VARIABLE = YES;
				IPHONEOS_DEPLOYMENT_TARGET = 11.0;
				MTL_ENABLE_DEBUG_INFO = NO;
				SDKROOT = iphoneos;
				SWIFT_OPTIMIZATION_LEVEL = "-Owholemodule";
				VALIDATE_PRODUCT = YES;
			};
			name = Release;
		};
		7F2B7F561F9556E30099836E /* Debug */ = {
			isa = XCBuildConfiguration;
			buildSettings = {
				ASSETCATALOG_COMPILER_APPICON_NAME = AppIcon;
				"CODE_SIGN_IDENTITY[sdk=iphoneos*]" = "iPhone Developer";
				CODE_SIGN_STYLE = Automatic;
				DEVELOPMENT_TEAM = E8LJCSPE28;
				FRAMEWORK_SEARCH_PATHS = (
					"$(inherited)",
					"$(PROJECT_DIR)/Carthage/Build/iOS",
				);
				INFOPLIST_FILE = Tag/Info.plist;
				LD_RUNPATH_SEARCH_PATHS = "$(inherited) @executable_path/Frameworks";
				PRODUCT_BUNDLE_IDENTIFIER = com.stefanodamico.Tag;
				PRODUCT_NAME = "$(TARGET_NAME)";
				PROVISIONING_PROFILE_SPECIFIER = "";
				SWIFT_VERSION = 4.0;
				TARGETED_DEVICE_FAMILY = "1,2";
			};
			name = Debug;
		};
		7F2B7F571F9556E30099836E /* Release */ = {
			isa = XCBuildConfiguration;
			buildSettings = {
				ASSETCATALOG_COMPILER_APPICON_NAME = AppIcon;
				"CODE_SIGN_IDENTITY[sdk=iphoneos*]" = "iPhone Developer";
				CODE_SIGN_STYLE = Automatic;
				DEVELOPMENT_TEAM = E8LJCSPE28;
				FRAMEWORK_SEARCH_PATHS = (
					"$(inherited)",
					"$(PROJECT_DIR)/Carthage/Build/iOS",
				);
				INFOPLIST_FILE = Tag/Info.plist;
				LD_RUNPATH_SEARCH_PATHS = "$(inherited) @executable_path/Frameworks";
				PRODUCT_BUNDLE_IDENTIFIER = com.stefanodamico.Tag;
				PRODUCT_NAME = "$(TARGET_NAME)";
				PROVISIONING_PROFILE_SPECIFIER = "";
				SWIFT_VERSION = 4.0;
				TARGETED_DEVICE_FAMILY = "1,2";
			};
			name = Release;
		};
		7F2B7F591F9556E30099836E /* Debug */ = {
			isa = XCBuildConfiguration;
			buildSettings = {
				ALWAYS_EMBED_SWIFT_STANDARD_LIBRARIES = YES;
				BUNDLE_LOADER = "$(TEST_HOST)";
				CODE_SIGN_STYLE = Automatic;
				DEVELOPMENT_TEAM = GJ65M9H8MR;
				INFOPLIST_FILE = TagTests/Info.plist;
				LD_RUNPATH_SEARCH_PATHS = "$(inherited) @executable_path/Frameworks @loader_path/Frameworks";
				PRODUCT_BUNDLE_IDENTIFIER = com.playwithjam.TagTests;
				PRODUCT_NAME = "$(TARGET_NAME)";
				SWIFT_VERSION = 4.0;
				TARGETED_DEVICE_FAMILY = "1,2";
				TEST_HOST = "$(BUILT_PRODUCTS_DIR)/Tag.app/Tag";
			};
			name = Debug;
		};
		7F2B7F5A1F9556E30099836E /* Release */ = {
			isa = XCBuildConfiguration;
			buildSettings = {
				ALWAYS_EMBED_SWIFT_STANDARD_LIBRARIES = YES;
				BUNDLE_LOADER = "$(TEST_HOST)";
				CODE_SIGN_STYLE = Automatic;
				DEVELOPMENT_TEAM = GJ65M9H8MR;
				INFOPLIST_FILE = TagTests/Info.plist;
				LD_RUNPATH_SEARCH_PATHS = "$(inherited) @executable_path/Frameworks @loader_path/Frameworks";
				PRODUCT_BUNDLE_IDENTIFIER = com.playwithjam.TagTests;
				PRODUCT_NAME = "$(TARGET_NAME)";
				SWIFT_VERSION = 4.0;
				TARGETED_DEVICE_FAMILY = "1,2";
				TEST_HOST = "$(BUILT_PRODUCTS_DIR)/Tag.app/Tag";
			};
			name = Release;
		};
		7F2B7F5C1F9556E30099836E /* Debug */ = {
			isa = XCBuildConfiguration;
			buildSettings = {
				ALWAYS_EMBED_SWIFT_STANDARD_LIBRARIES = YES;
				CODE_SIGN_STYLE = Automatic;
				DEVELOPMENT_TEAM = GJ65M9H8MR;
				INFOPLIST_FILE = TagUITests/Info.plist;
				LD_RUNPATH_SEARCH_PATHS = "$(inherited) @executable_path/Frameworks @loader_path/Frameworks";
				PRODUCT_BUNDLE_IDENTIFIER = com.playwithjam.TagUITests;
				PRODUCT_NAME = "$(TARGET_NAME)";
				SWIFT_VERSION = 4.0;
				TARGETED_DEVICE_FAMILY = "1,2";
				TEST_TARGET_NAME = Tag;
			};
			name = Debug;
		};
		7F2B7F5D1F9556E30099836E /* Release */ = {
			isa = XCBuildConfiguration;
			buildSettings = {
				ALWAYS_EMBED_SWIFT_STANDARD_LIBRARIES = YES;
				CODE_SIGN_STYLE = Automatic;
				DEVELOPMENT_TEAM = GJ65M9H8MR;
				INFOPLIST_FILE = TagUITests/Info.plist;
				LD_RUNPATH_SEARCH_PATHS = "$(inherited) @executable_path/Frameworks @loader_path/Frameworks";
				PRODUCT_BUNDLE_IDENTIFIER = com.playwithjam.TagUITests;
				PRODUCT_NAME = "$(TARGET_NAME)";
				SWIFT_VERSION = 4.0;
				TARGETED_DEVICE_FAMILY = "1,2";
				TEST_TARGET_NAME = Tag;
			};
			name = Release;
		};
/* End XCBuildConfiguration section */

/* Begin XCConfigurationList section */
		7F2B7F281F9556E20099836E /* Build configuration list for PBXProject "Tag" */ = {
			isa = XCConfigurationList;
			buildConfigurations = (
				7F2B7F531F9556E30099836E /* Debug */,
				7F2B7F541F9556E30099836E /* Release */,
			);
			defaultConfigurationIsVisible = 0;
			defaultConfigurationName = Release;
		};
		7F2B7F551F9556E30099836E /* Build configuration list for PBXNativeTarget "Tag" */ = {
			isa = XCConfigurationList;
			buildConfigurations = (
				7F2B7F561F9556E30099836E /* Debug */,
				7F2B7F571F9556E30099836E /* Release */,
			);
			defaultConfigurationIsVisible = 0;
			defaultConfigurationName = Release;
		};
		7F2B7F581F9556E30099836E /* Build configuration list for PBXNativeTarget "TagTests" */ = {
			isa = XCConfigurationList;
			buildConfigurations = (
				7F2B7F591F9556E30099836E /* Debug */,
				7F2B7F5A1F9556E30099836E /* Release */,
			);
			defaultConfigurationIsVisible = 0;
			defaultConfigurationName = Release;
		};
		7F2B7F5B1F9556E30099836E /* Build configuration list for PBXNativeTarget "TagUITests" */ = {
			isa = XCConfigurationList;
			buildConfigurations = (
				7F2B7F5C1F9556E30099836E /* Debug */,
				7F2B7F5D1F9556E30099836E /* Release */,
			);
			defaultConfigurationIsVisible = 0;
			defaultConfigurationName = Release;
		};
/* End XCConfigurationList section */
	};
	rootObject = 7F2B7F251F9556E20099836E /* Project object */;
}
